// !$*UTF8*$!
{
	archiveVersion = 1;
	classes = {
	};
	objectVersion = 50;
	objects = {

/* Begin PBXBuildFile section */
		5D505C0C23EC930500A604E6 /* CentralView.swift in Sources */ = {isa = PBXBuildFile; fileRef = 5D505C0B23EC930500A604E6 /* CentralView.swift */; };
		5D82D44E23E1EB85009402DA /* AppDelegate.swift in Sources */ = {isa = PBXBuildFile; fileRef = 5D82D44D23E1EB85009402DA /* AppDelegate.swift */; };
		5D82D45023E1EB85009402DA /* SceneDelegate.swift in Sources */ = {isa = PBXBuildFile; fileRef = 5D82D44F23E1EB85009402DA /* SceneDelegate.swift */; };
		5D82D45223E1EB85009402DA /* ViewController.swift in Sources */ = {isa = PBXBuildFile; fileRef = 5D82D45123E1EB85009402DA /* ViewController.swift */; };
		5D82D45723E1EB87009402DA /* Assets.xcassets in Resources */ = {isa = PBXBuildFile; fileRef = 5D82D45623E1EB87009402DA /* Assets.xcassets */; };
		5D82D45A23E1EB87009402DA /* LaunchScreen.storyboard in Resources */ = {isa = PBXBuildFile; fileRef = 5D82D45823E1EB87009402DA /* LaunchScreen.storyboard */; };
		5D82D46623E1EF37009402DA /* Default-568h@2x.png in Resources */ = {isa = PBXBuildFile; fileRef = 5D82D46523E1EF37009402DA /* Default-568h@2x.png */; };
		5D82D46823E1EF80009402DA /* ThirstySoftRegular.otf in Resources */ = {isa = PBXBuildFile; fileRef = 5D82D46723E1EF80009402DA /* ThirstySoftRegular.otf */; };
		5D82D46A23E1EF90009402DA /* Delm-Medium.otf in Resources */ = {isa = PBXBuildFile; fileRef = 5D82D46923E1EF90009402DA /* Delm-Medium.otf */; };
		5D82D46C23E207DA009402DA /* Main.storyboard in Resources */ = {isa = PBXBuildFile; fileRef = 5D82D46B23E207DA009402DA /* Main.storyboard */; };
/* End PBXBuildFile section */

/* Begin PBXFileReference section */
		5D505C0B23EC930500A604E6 /* CentralView.swift */ = {isa = PBXFileReference; lastKnownFileType = sourcecode.swift; path = CentralView.swift; sourceTree = "<group>"; };
		5D82D44A23E1EB85009402DA /* Instagrid.app */ = {isa = PBXFileReference; explicitFileType = wrapper.application; includeInIndex = 0; path = Instagrid.app; sourceTree = BUILT_PRODUCTS_DIR; };
		5D82D44D23E1EB85009402DA /* AppDelegate.swift */ = {isa = PBXFileReference; lastKnownFileType = sourcecode.swift; path = AppDelegate.swift; sourceTree = "<group>"; };
		5D82D44F23E1EB85009402DA /* SceneDelegate.swift */ = {isa = PBXFileReference; lastKnownFileType = sourcecode.swift; path = SceneDelegate.swift; sourceTree = "<group>"; };
		5D82D45123E1EB85009402DA /* ViewController.swift */ = {isa = PBXFileReference; lastKnownFileType = sourcecode.swift; path = ViewController.swift; sourceTree = "<group>"; };
		5D82D45623E1EB87009402DA /* Assets.xcassets */ = {isa = PBXFileReference; lastKnownFileType = folder.assetcatalog; path = Assets.xcassets; sourceTree = "<group>"; };
		5D82D45923E1EB87009402DA /* Base */ = {isa = PBXFileReference; lastKnownFileType = file.storyboard; name = Base; path = Base.lproj/LaunchScreen.storyboard; sourceTree = "<group>"; };
		5D82D45B23E1EB87009402DA /* Info.plist */ = {isa = PBXFileReference; lastKnownFileType = text.plist.xml; path = Info.plist; sourceTree = "<group>"; };
		5D82D46523E1EF37009402DA /* Default-568h@2x.png */ = {isa = PBXFileReference; lastKnownFileType = image.png; path = "Default-568h@2x.png"; sourceTree = "<group>"; };
		5D82D46723E1EF80009402DA /* ThirstySoftRegular.otf */ = {isa = PBXFileReference; lastKnownFileType = file; path = ThirstySoftRegular.otf; sourceTree = "<group>"; };
		5D82D46923E1EF90009402DA /* Delm-Medium.otf */ = {isa = PBXFileReference; lastKnownFileType = file; path = "Delm-Medium.otf"; sourceTree = "<group>"; };
		5D82D46B23E207DA009402DA /* Main.storyboard */ = {isa = PBXFileReference; fileEncoding = 4; lastKnownFileType = file.storyboard; path = Main.storyboard; sourceTree = "<group>"; };
/* End PBXFileReference section */

/* Begin PBXFrameworksBuildPhase section */
		5D82D44723E1EB85009402DA /* Frameworks */ = {
			isa = PBXFrameworksBuildPhase;
			buildActionMask = 2147483647;
			files = (
			);
			runOnlyForDeploymentPostprocessing = 0;
		};
/* End PBXFrameworksBuildPhase section */

/* Begin PBXGroup section */
		5D82D44123E1EB85009402DA = {
			isa = PBXGroup;
			children = (
				5D82D44C23E1EB85009402DA /* Instagrid */,
				5D82D44B23E1EB85009402DA /* Products */,
			);
			sourceTree = "<group>";
		};
		5D82D44B23E1EB85009402DA /* Products */ = {
			isa = PBXGroup;
			children = (
				5D82D44A23E1EB85009402DA /* Instagrid.app */,
			);
			name = Products;
			sourceTree = "<group>";
		};
		5D82D44C23E1EB85009402DA /* Instagrid */ = {
			isa = PBXGroup;
			children = (
				5D82D45B23E1EB87009402DA /* Info.plist */,
				5D82D46423E1EF18009402DA /* Supporting Files */,
				5D82D46323E1EEF7009402DA /* Controller */,
				5D82D46223E1EEF0009402DA /* VIew */,
				5D82D46123E1EEE9009402DA /* Model */,
			);
			path = Instagrid;
			sourceTree = "<group>";
		};
		5D82D46123E1EEE9009402DA /* Model */ = {
			isa = PBXGroup;
			children = (
			);
			path = Model;
			sourceTree = "<group>";
		};
		5D82D46223E1EEF0009402DA /* VIew */ = {
			isa = PBXGroup;
			children = (
				5D82D46B23E207DA009402DA /* Main.storyboard */,
				5D505C0B23EC930500A604E6 /* CentralView.swift */,
			);
			path = VIew;
			sourceTree = "<group>";
		};
		5D82D46323E1EEF7009402DA /* Controller */ = {
			isa = PBXGroup;
			children = (
				5D82D45123E1EB85009402DA /* ViewController.swift */,
			);
			path = Controller;
			sourceTree = "<group>";
		};
		5D82D46423E1EF18009402DA /* Supporting Files */ = {
			isa = PBXGroup;
			children = (
				5D82D45823E1EB87009402DA /* LaunchScreen.storyboard */,
				5D82D44D23E1EB85009402DA /* AppDelegate.swift */,
				5D82D44F23E1EB85009402DA /* SceneDelegate.swift */,
				5D82D46523E1EF37009402DA /* Default-568h@2x.png */,
				5D82D46723E1EF80009402DA /* ThirstySoftRegular.otf */,
				5D82D46923E1EF90009402DA /* Delm-Medium.otf */,
				5D82D45623E1EB87009402DA /* Assets.xcassets */,
			);
			path = "Supporting Files";
			sourceTree = "<group>";
		};
/* End PBXGroup section */

/* Begin PBXNativeTarget section */
		5D82D44923E1EB85009402DA /* Instagrid */ = {
			isa = PBXNativeTarget;
			buildConfigurationList = 5D82D45E23E1EB87009402DA /* Build configuration list for PBXNativeTarget "Instagrid" */;
			buildPhases = (
				5D82D44623E1EB85009402DA /* Sources */,
				5D82D44723E1EB85009402DA /* Frameworks */,
				5D82D44823E1EB85009402DA /* Resources */,
			);
			buildRules = (
			);
			dependencies = (
			);
			name = Instagrid;
			productName = Instagrid;
			productReference = 5D82D44A23E1EB85009402DA /* Instagrid.app */;
			productType = "com.apple.product-type.application";
		};
/* End PBXNativeTarget section */

/* Begin PBXProject section */
		5D82D44223E1EB85009402DA /* Project object */ = {
			isa = PBXProject;
			attributes = {
				LastSwiftUpdateCheck = 1130;
				LastUpgradeCheck = 1130;
				ORGANIZATIONNAME = "Elodie Desmoulin";
				TargetAttributes = {
					5D82D44923E1EB85009402DA = {
						CreatedOnToolsVersion = 11.3;
					};
				};
			};
			buildConfigurationList = 5D82D44523E1EB85009402DA /* Build configuration list for PBXProject "Instagrid" */;
			compatibilityVersion = "Xcode 9.3";
			developmentRegion = en;
			hasScannedForEncodings = 0;
			knownRegions = (
				en,
				Base,
			);
			mainGroup = 5D82D44123E1EB85009402DA;
			productRefGroup = 5D82D44B23E1EB85009402DA /* Products */;
			projectDirPath = "";
			projectRoot = "";
			targets = (
				5D82D44923E1EB85009402DA /* Instagrid */,
			);
		};
/* End PBXProject section */

/* Begin PBXResourcesBuildPhase section */
		5D82D44823E1EB85009402DA /* Resources */ = {
			isa = PBXResourcesBuildPhase;
			buildActionMask = 2147483647;
			files = (
				5D82D46C23E207DA009402DA /* Main.storyboard in Resources */,
				5D82D45A23E1EB87009402DA /* LaunchScreen.storyboard in Resources */,
				5D82D46623E1EF37009402DA /* Default-568h@2x.png in Resources */,
				5D82D46A23E1EF90009402DA /* Delm-Medium.otf in Resources */,
				5D82D46823E1EF80009402DA /* ThirstySoftRegular.otf in Resources */,
				5D82D45723E1EB87009402DA /* Assets.xcassets in Resources */,
			);
			runOnlyForDeploymentPostprocessing = 0;
		};
/* End PBXResourcesBuildPhase section */

/* Begin PBXSourcesBuildPhase section */
		5D82D44623E1EB85009402DA /* Sources */ = {
			isa = PBXSourcesBuildPhase;
			buildActionMask = 2147483647;
			files = (
				5D505C0C23EC930500A604E6 /* CentralView.swift in Sources */,
				5D82D45223E1EB85009402DA /* ViewController.swift in Sources */,
				5D82D44E23E1EB85009402DA /* AppDelegate.swift in Sources */,
				5D82D45023E1EB85009402DA /* SceneDelegate.swift in Sources */,
			);
			runOnlyForDeploymentPostprocessing = 0;
		};
/* End PBXSourcesBuildPhase section */

/* Begin PBXVariantGroup section */
		5D82D45823E1EB87009402DA /* LaunchScreen.storyboard */ = {
			isa = PBXVariantGroup;
			children = (
				5D82D45923E1EB87009402DA /* Base */,
			);
			name = LaunchScreen.storyboard;
			sourceTree = "<group>";
		};
/* End PBXVariantGroup section */

/* Begin XCBuildConfiguration section */
		5D82D45C23E1EB87009402DA /* Debug */ = {
			isa = XCBuildConfiguration;
			buildSettings = {
				ALWAYS_SEARCH_USER_PATHS = NO;
				CLANG_ANALYZER_NONNULL = YES;
				CLANG_ANALYZER_NUMBER_OBJECT_CONVERSION = YES_AGGRESSIVE;
				CLANG_CXX_LANGUAGE_STANDARD = "gnu++14";
				CLANG_CXX_LIBRARY = "libc++";
				CLANG_ENABLE_MODULES = YES;
				CLANG_ENABLE_OBJC_ARC = YES;
				CLANG_ENABLE_OBJC_WEAK = YES;
				CLANG_WARN_BLOCK_CAPTURE_AUTORELEASING = YES;
				CLANG_WARN_BOOL_CONVERSION = YES;
				CLANG_WARN_COMMA = YES;
				CLANG_WARN_CONSTANT_CONVERSION = YES;
				CLANG_WARN_DEPRECATED_OBJC_IMPLEMENTATIONS = YES;
				CLANG_WARN_DIRECT_OBJC_ISA_USAGE = YES_ERROR;
				CLANG_WARN_DOCUMENTATION_COMMENTS = YES;
				CLANG_WARN_EMPTY_BODY = YES;
				CLANG_WARN_ENUM_CONVERSION = YES;
				CLANG_WARN_INFINITE_RECURSION = YES;
				CLANG_WARN_INT_CONVERSION = YES;
				CLANG_WARN_NON_LITERAL_NULL_CONVERSION = YES;
				CLANG_WARN_OBJC_IMPLICIT_RETAIN_SELF = YES;
				CLANG_WARN_OBJC_LITERAL_CONVERSION = YES;
				CLANG_WARN_OBJC_ROOT_CLASS = YES_ERROR;
				CLANG_WARN_RANGE_LOOP_ANALYSIS = YES;
				CLANG_WARN_STRICT_PROTOTYPES = YES;
				CLANG_WARN_SUSPICIOUS_MOVE = YES;
				CLANG_WARN_UNGUARDED_AVAILABILITY = YES_AGGRESSIVE;
				CLANG_WARN_UNREACHABLE_CODE = YES;
				CLANG_WARN__DUPLICATE_METHOD_MATCH = YES;
				COPY_PHASE_STRIP = NO;
				DEBUG_INFORMATION_FORMAT = dwarf;
				ENABLE_STRICT_OBJC_MSGSEND = YES;
				ENABLE_TESTABILITY = YES;
				GCC_C_LANGUAGE_STANDARD = gnu11;
				GCC_DYNAMIC_NO_PIC = NO;
				GCC_NO_COMMON_BLOCKS = YES;
				GCC_OPTIMIZATION_LEVEL = 0;
				GCC_PREPROCESSOR_DEFINITIONS = (
					"DEBUG=1",
					"$(inherited)",
				);
				GCC_WARN_64_TO_32_BIT_CONVERSION = YES;
				GCC_WARN_ABOUT_RETURN_TYPE = YES_ERROR;
				GCC_WARN_UNDECLARED_SELECTOR = YES;
				GCC_WARN_UNINITIALIZED_AUTOS = YES_AGGRESSIVE;
				GCC_WARN_UNUSED_FUNCTION = YES;
				GCC_WARN_UNUSED_VARIABLE = YES;
				IPHONEOS_DEPLOYMENT_TARGET = 13.2;
				MTL_ENABLE_DEBUG_INFO = INCLUDE_SOURCE;
				MTL_FAST_MATH = YES;
				ONLY_ACTIVE_ARCH = YES;
				SDKROOT = iphoneos;
				SWIFT_ACTIVE_COMPILATION_CONDITIONS = DEBUG;
				SWIFT_OPTIMIZATION_LEVEL = "-Onone";
			};
			name = Debug;
		};
		5D82D45D23E1EB87009402DA /* Release */ = {
			isa = XCBuildConfiguration;
			buildSettings = {
				ALWAYS_SEARCH_USER_PATHS = NO;
				CLANG_ANALYZER_NONNULL = YES;
				CLANG_ANALYZER_NUMBER_OBJECT_CONVERSION = YES_AGGRESSIVE;
				CLANG_CXX_LANGUAGE_STANDARD = "gnu++14";
				CLANG_CXX_LIBRARY = "libc++";
				CLANG_ENABLE_MODULES = YES;
				CLANG_ENABLE_OBJC_ARC = YES;
				CLANG_ENABLE_OBJC_WEAK = YES;
				CLANG_WARN_BLOCK_CAPTURE_AUTORELEASING = YES;
				CLANG_WARN_BOOL_CONVERSION = YES;
				CLANG_WARN_COMMA = YES;
				CLANG_WARN_CONSTANT_CONVERSION = YES;
				CLANG_WARN_DEPRECATED_OBJC_IMPLEMENTATIONS = YES;
				CLANG_WARN_DIRECT_OBJC_ISA_USAGE = YES_ERROR;
				CLANG_WARN_DOCUMENTATION_COMMENTS = YES;
				CLANG_WARN_EMPTY_BODY = YES;
				CLANG_WARN_ENUM_CONVERSION = YES;
				CLANG_WARN_INFINITE_RECURSION = YES;
				CLANG_WARN_INT_CONVERSION = YES;
				CLANG_WARN_NON_LITERAL_NULL_CONVERSION = YES;
				CLANG_WARN_OBJC_IMPLICIT_RETAIN_SELF = YES;
				CLANG_WARN_OBJC_LITERAL_CONVERSION = YES;
				CLANG_WARN_OBJC_ROOT_CLASS = YES_ERROR;
				CLANG_WARN_RANGE_LOOP_ANALYSIS = YES;
				CLANG_WARN_STRICT_PROTOTYPES = YES;
				CLANG_WARN_SUSPICIOUS_MOVE = YES;
				CLANG_WARN_UNGUARDED_AVAILABILITY = YES_AGGRESSIVE;
				CLANG_WARN_UNREACHABLE_CODE = YES;
				CLANG_WARN__DUPLICATE_METHOD_MATCH = YES;
				COPY_PHASE_STRIP = NO;
				DEBUG_INFORMATION_FORMAT = "dwarf-with-dsym";
				ENABLE_NS_ASSERTIONS = NO;
				ENABLE_STRICT_OBJC_MSGSEND = YES;
				GCC_C_LANGUAGE_STANDARD = gnu11;
				GCC_NO_COMMON_BLOCKS = YES;
				GCC_WARN_64_TO_32_BIT_CONVERSION = YES;
				GCC_WARN_ABOUT_RETURN_TYPE = YES_ERROR;
				GCC_WARN_UNDECLARED_SELECTOR = YES;
				GCC_WARN_UNINITIALIZED_AUTOS = YES_AGGRESSIVE;
				GCC_WARN_UNUSED_FUNCTION = YES;
				GCC_WARN_UNUSED_VARIABLE = YES;
				IPHONEOS_DEPLOYMENT_TARGET = 13.2;
				MTL_ENABLE_DEBUG_INFO = NO;
				MTL_FAST_MATH = YES;
				SDKROOT = iphoneos;
				SWIFT_COMPILATION_MODE = wholemodule;
				SWIFT_OPTIMIZATION_LEVEL = "-O";
				VALIDATE_PRODUCT = YES;
			};
			name = Release;
		};
		5D82D45F23E1EB87009402DA /* Debug */ = {
			isa = XCBuildConfiguration;
			buildSettings = {
				ASSETCATALOG_COMPILER_APPICON_NAME = AppIcon;
				CODE_SIGN_STYLE = Automatic;
				INFOPLIST_FILE = Instagrid/Info.plist;
				IPHONEOS_DEPLOYMENT_TARGET = 11.0;
				LD_RUNPATH_SEARCH_PATHS = (
					"$(inherited)",
					"@executable_path/Frameworks",
				);
				PRODUCT_BUNDLE_IDENTIFIER = desmoulin.elodie.Instagrid;
				PRODUCT_NAME = "$(TARGET_NAME)";
				SWIFT_VERSION = 5.0;
				TARGETED_DEVICE_FAMILY = 1;
			};
			name = Debug;
		};
		5D82D46023E1EB87009402DA /* Release */ = {
			isa = XCBuildConfiguration;
			buildSettings = {
				ASSETCATALOG_COMPILER_APPICON_NAME = AppIcon;
				CODE_SIGN_STYLE = Automatic;
				INFOPLIST_FILE = Instagrid/Info.plist;
				IPHONEOS_DEPLOYMENT_TARGET = 11.0;
				LD_RUNPATH_SEARCH_PATHS = (
					"$(inherited)",
					"@executable_path/Frameworks",
				);
				PRODUCT_BUNDLE_IDENTIFIER = desmoulin.elodie.Instagrid;
				PRODUCT_NAME = "$(TARGET_NAME)";
				SWIFT_VERSION = 5.0;
				TARGETED_DEVICE_FAMILY = 1;
			};
			name = Release;
		};
/* End XCBuildConfiguration section */

/* Begin XCConfigurationList section */
		5D82D44523E1EB85009402DA /* Build configuration list for PBXProject "Instagrid" */ = {
			isa = XCConfigurationList;
			buildConfigurations = (
				5D82D45C23E1EB87009402DA /* Debug */,
				5D82D45D23E1EB87009402DA /* Release */,
			);
			defaultConfigurationIsVisible = 0;
			defaultConfigurationName = Release;
		};
		5D82D45E23E1EB87009402DA /* Build configuration list for PBXNativeTarget "Instagrid" */ = {
			isa = XCConfigurationList;
			buildConfigurations = (
				5D82D45F23E1EB87009402DA /* Debug */,
				5D82D46023E1EB87009402DA /* Release */,
			);
			defaultConfigurationIsVisible = 0;
			defaultConfigurationName = Release;
		};
/* End XCConfigurationList section */
	};
	rootObject = 5D82D44223E1EB85009402DA /* Project object */;
}
